
Microsoft Visual Studio Solution File, Format Version 12.00
# Visual Studio 15
VisualStudioVersion = 15.0.28307.779
MinimumVisualStudioVersion = 10.0.40219.1
Project("{FAE04EC0-301F-11D3-BF4B-00C04F79EFBC}") = "TSInterpreter", "CSHarpInterpreter\TSInterpreter.csproj", "{804FB83D-E93C-4E11-A443-A9F6255C8D46}"
EndProject
Project("{FAE04EC0-301F-11D3-BF4B-00C04F79EFBC}") = "Scanner", "Scanner\Scanner.csproj", "{CE942BEA-8651-4243-A78C-EF2203418078}"
EndProject
Global
	GlobalSection(SolutionConfigurationPlatforms) = preSolution
		Debug|Any CPU = Debug|Any CPU
		Release|Any CPU = Release|Any CPU
	EndGlobalSection
	GlobalSection(ProjectConfigurationPlatforms) = postSolution
		{804FB83D-E93C-4E11-A443-A9F6255C8D46}.Debug|Any CPU.ActiveCfg = Debug|Any CPU
		{804FB83D-E93C-4E11-A443-A9F6255C8D46}.Debug|Any CPU.Build.0 = Debug|Any CPU
		{804FB83D-E93C-4E11-A443-A9F6255C8D46}.Release|Any CPU.ActiveCfg = Release|Any CPU
		{804FB83D-E93C-4E11-A443-A9F6255C8D46}.Release|Any CPU.Build.0 = Release|Any CPU
		{CE942BEA-8651-4243-A78C-EF2203418078}.Debug|Any CPU.ActiveCfg = Debug|Any CPU
		{CE942BEA-8651-4243-A78C-EF2203418078}.Debug|Any CPU.Build.0 = Debug|Any CPU
		{CE942BEA-8651-4243-A78C-EF2203418078}.Release|Any CPU.ActiveCfg = Release|Any CPU
		{CE942BEA-8651-4243-A78C-EF2203418078}.Release|Any CPU.Build.0 = Release|Any CPU
	EndGlobalSection
	GlobalSection(SolutionProperties) = preSolution
		HideSolutionNode = FALSE
	EndGlobalSection
	GlobalSection(ExtensibilityGlobals) = postSolution
		SolutionGuid = {0BE5DF97-CB9F-44BB-BEAF-860C69E831D8}
	EndGlobalSection
EndGlobal
